
Microsoft Visual Studio Solution File, Format Version 12.00
# Visual Studio Version 16
VisualStudioVersion = 16.0.30523.141
MinimumVisualStudioVersion = 10.0.40219.1
Project("{FAE04EC0-301F-11D3-BF4B-00C04F79EFBC}") = "Lab Task 3", "Lab Task 3.csproj", "{82EF44FC-1991-4C91-A038-1DD7B0E0343F}"
EndProject
Global
	GlobalSection(SolutionConfigurationPlatforms) = preSolution
		Debug|Any CPU = Debug|Any CPU
		Release|Any CPU = Release|Any CPU
	EndGlobalSection
	GlobalSection(ProjectConfigurationPlatforms) = postSolution
		{82EF44FC-1991-4C91-A038-1DD7B0E0343F}.Debug|Any CPU.ActiveCfg = Debug|Any CPU
		{82EF44FC-1991-4C91-A038-1DD7B0E0343F}.Debug|Any CPU.Build.0 = Debug|Any CPU
		{82EF44FC-1991-4C91-A038-1DD7B0E0343F}.Release|Any CPU.ActiveCfg = Release|Any CPU
		{82EF44FC-1991-4C91-A038-1DD7B0E0343F}.Release|Any CPU.Build.0 = Release|Any CPU
	EndGlobalSection
	GlobalSection(SolutionProperties) = preSolution
		HideSolutionNode = FALSE
	EndGlobalSection
	GlobalSection(ExtensibilityGlobals) = postSolution
		SolutionGuid = {DFE8217B-22C5-418D-A72E-21AA5E5F3AB6}
	EndGlobalSection
EndGlobal
