
Microsoft Visual Studio Solution File, Format Version 12.00
# Visual Studio Version 16
VisualStudioVersion = 16.0.30523.141
MinimumVisualStudioVersion = 10.0.40219.1
Project("{FAE04EC0-301F-11D3-BF4B-00C04F79EFBC}") = "Lab Task 3", "Lab Task 3\Lab Task 3.csproj", "{723BCA17-91FC-4018-895C-CCD9058D5080}"
EndProject
Global
	GlobalSection(SolutionConfigurationPlatforms) = preSolution
		Debug|Any CPU = Debug|Any CPU
		Release|Any CPU = Release|Any CPU
	EndGlobalSection
	GlobalSection(ProjectConfigurationPlatforms) = postSolution
		{723BCA17-91FC-4018-895C-CCD9058D5080}.Debug|Any CPU.ActiveCfg = Debug|Any CPU
		{723BCA17-91FC-4018-895C-CCD9058D5080}.Debug|Any CPU.Build.0 = Debug|Any CPU
		{723BCA17-91FC-4018-895C-CCD9058D5080}.Release|Any CPU.ActiveCfg = Release|Any CPU
		{723BCA17-91FC-4018-895C-CCD9058D5080}.Release|Any CPU.Build.0 = Release|Any CPU
	EndGlobalSection
	GlobalSection(SolutionProperties) = preSolution
		HideSolutionNode = FALSE
	EndGlobalSection
	GlobalSection(ExtensibilityGlobals) = postSolution
		SolutionGuid = {69B1D610-F97E-4015-8133-3F7583945834}
	EndGlobalSection
EndGlobal
